{
  "lockfile_version": "1",
  "packages": {
    "git": {
      "resolved": "github:NixOS/nixpkgs/6cdc7fc76e8bf7fde9fa43a849fcaaa70e230dee#git",
      "source": "nixpkg"
    },
    "github:NixOS/nixpkgs/nixpkgs-unstable": {
      "last_modified": "2026-07-13T04:04:42Z",
      "resolved": "github:NixOS/nixpkgs/6cdc7fc76e8bf7fde9fa43a849fcaaa70e230dee?lastModified=1783915482"
    },
    "nodejs@24": {
      "last_modified": "2025-12-27T12:56:01Z",
      "plugin_version": "0.0.2",
      "resolved": "github:NixOS/nixpkgs/3edc4a30ed3903fdf6f90c837f961fa6b49582d1#nodejs_24",
      "source": "devbox-search",
      "version": "24.12.0",
      "systems": {
        "aarch64-darwin": {
          "outputs": [
            {
              "name": "out",
              "path": "/nix/store/b1h0af3yb3z9jz048phclcqw6ihiww67-nodejs-24.12.0",
              "default": true
            },
            {
              "name": "dev",
              "path": "/nix/store/ksn4nj0nbp0ikmh4scy9x4biqqdswwhy-nodejs-24.12.0-dev"
            },
            {
              "name": "libv8",
              "path": "/nix/store/3x72bm7l30ib7l7cximrp0sklcq8jqwy-nodejs-24.12.0-libv8"
            }
          ],
          "store_path": "/nix/store/b1h0af3yb3z9jz048phclcqw6ihiww67-nodejs-24.12.0"
        },
        "aarch64-linux": {
          "outputs": [
            {
              "name": "out",
              "path": "/nix/store/9jfsyhcr9c6rpm94lrkibv75jkggvwss-nodejs-24.12.0",
              "default": true
            },
            {
              "name": "dev",
              "path": "/nix/store/7izhv9x1yvsmyrhmmyps6bxjjclajm80-nodejs-24.12.0-dev"
            },
            {
              "name": "libv8",
              "path": "/nix/store/8hl74pnc1qyz68rg10ixw7fz32hcxqkk-nodejs-24.12.0-libv8"
            }
          ],
          "store_path": "/nix/store/9jfsyhcr9c6rpm94lrkibv75jkggvwss-nodejs-24.12.0"
        },
        "x86_64-darwin": {
          "outputs": [
            {
              "name": "out",
              "path": "/nix/store/cj1243xswxvnwgifyiyg8axhn0r2vl48-nodejs-24.12.0",
              "default": true
            },
            {
              "name": "dev",
              "path": "/nix/store/kzia3rkaf9vwpn3py23q9v49jpjm6zx7-nodejs-24.12.0-dev"
            },
            {
              "name": "libv8",
              "path": "/nix/store/xszji81xj7ghjhz7jk0jkhb84nfwyd8f-nodejs-24.12.0-libv8"
            }
          ],
          "store_path": "/nix/store/cj1243xswxvnwgifyiyg8axhn0r2vl48-nodejs-24.12.0"
        },
        "x86_64-linux": {
          "outputs": [
            {
              "name": "out",
              "path": "/nix/store/9z1v3wyrxp6fpyzw21lcakd5w7aknzyc-nodejs-24.12.0",
              "default": true
            },
            {
              "name": "libv8",
              "path": "/nix/store/5yvx909wlis13qd2y1ahwl7ij21ma69a-nodejs-24.12.0-libv8"
            },
            {
              "name": "dev",
              "path": "/nix/store/7ll99p08gmpg0n048669p80zjibl5akr-nodejs-24.12.0-dev"
            }
          ],
          "store_path": "/nix/store/9z1v3wyrxp6fpyzw21lcakd5w7aknzyc-nodejs-24.12.0"
        }
      }
    },
    "pre-commit": {
      "resolved": "github:NixOS/nixpkgs/6cdc7fc76e8bf7fde9fa43a849fcaaa70e230dee#pre-commit",
      "source": "nixpkg"
    },
    "python@3": {
      "last_modified": "2026-06-27T07:37:20Z",
      "plugin_version": "0.0.4",
      "resolved": "github:NixOS/nixpkgs/3d46470bb3030020f7e1361f33514854f5bfa86d#python315",
      "source": "devbox-search",
      "version": "3.15.0b3",
      "systems": {
        "aarch64-darwin": {
          "outputs": [
            {
              "name": "out",
              "path": "/nix/store/2s7acb0nbd4x8lssr43hn53c01svwcsa-python3-3.15.0b3",
              "default": true
            }
          ],
          "store_path": "/nix/store/2s7acb0nbd4x8lssr43hn53c01svwcsa-python3-3.15.0b3"
        },
        "aarch64-linux": {
          "outputs": [
            {
              "name": "out",
              "path": "/nix/store/yf8lmb734ab1lijs9wbzmw4gdw6swclq-python3-3.15.0b3",
              "default": true
            },
            {
              "name": "debug",
              "path": "/nix/store/9iplbkmibb9zpv902yncq8s59h8znvar-python3-3.15.0b3-debug"
            }
          ],
          "store_path": "/nix/store/yf8lmb734ab1lijs9wbzmw4gdw6swclq-python3-3.15.0b3"
        },
        "x86_64-darwin": {
          "outputs": [
            {
              "name": "out",
              "path": "/nix/store/m2p1arbg3vrkjw7qh912kk9sfkcyqvab-python3-3.15.0b3",
              "default": true
            }
          ],
          "store_path": "/nix/store/m2p1arbg3vrkjw7qh912kk9sfkcyqvab-python3-3.15.0b3"
        },
        "x86_64-linux": {
          "outputs": [
            {
              "name": "out",
              "path": "/nix/store/nycpfzi42fk7r2n8k2cy7ymja4wydwh6-python3-3.15.0b3",
              "default": true
            },
            {
              "name": "debug",
              "path": "/nix/store/1my7iy2i8jlicrj42wvdg62vzs5q2xlp-python3-3.15.0b3-debug"
            }
          ],
          "store_path": "/nix/store/nycpfzi42fk7r2n8k2cy7ymja4wydwh6-python3-3.15.0b3"
        }
      }
    }
  }
}
